// !$*UTF8*$!
{
	archiveVersion = 1;
	classes = {
	};
	objectVersion = 56;
	objects = {

/* Begin PBXBuildFile section */
		43A77896290D597300C2A04B /* Grind_TimeApp.swift in Sources */ = {isa = PBXBuildFile; fileRef = 43A77895290D597300C2A04B /* Grind_TimeApp.swift */; };
		43A77898290D597300C2A04B /* ContentView.swift in Sources */ = {isa = PBXBuildFile; fileRef = 43A77897290D597300C2A04B /* ContentView.swift */; };
		43A7789A290D597400C2A04B /* Assets.xcassets in Resources */ = {isa = PBXBuildFile; fileRef = 43A77899290D597400C2A04B /* Assets.xcassets */; };
		43A7789D290D597400C2A04B /* Preview Assets.xcassets in Resources */ = {isa = PBXBuildFile; fileRef = 43A7789C290D597400C2A04B /* Preview Assets.xcassets */; };
		43A778A4290D5EB400C2A04B /* MapView.swift in Sources */ = {isa = PBXBuildFile; fileRef = 43A778A3290D5EB400C2A04B /* MapView.swift */; };
		43A778A6290D633E00C2A04B /* ViewRouter.swift in Sources */ = {isa = PBXBuildFile; fileRef = 43A778A5290D633E00C2A04B /* ViewRouter.swift */; };
		43A778A8290D63B800C2A04B /* HomeView.swift in Sources */ = {isa = PBXBuildFile; fileRef = 43A778A7290D63B800C2A04B /* HomeView.swift */; };
		43A778AA290D652F00C2A04B /* NavMenuView.swift in Sources */ = {isa = PBXBuildFile; fileRef = 43A778A9290D652F00C2A04B /* NavMenuView.swift */; };
		44EEF95F290D707900CD06A8 /* DataStoreClass.swift in Sources */ = {isa = PBXBuildFile; fileRef = 44EEF95E290D707900CD06A8 /* DataStoreClass.swift */; };
		44EEF961290D72B900CD06A8 /* DataStore.swift in Sources */ = {isa = PBXBuildFile; fileRef = 44EEF960290D72B900CD06A8 /* DataStore.swift */; };
		44EEF963290D97AD00CD06A8 /* UserView.swift in Sources */ = {isa = PBXBuildFile; fileRef = 44EEF962290D97AD00CD06A8 /* UserView.swift */; };
/* End PBXBuildFile section */

/* Begin PBXFileReference section */
		43A77892290D597300C2A04B /* Grind Time.app */ = {isa = PBXFileReference; explicitFileType = wrapper.application; includeInIndex = 0; path = "Grind Time.app"; sourceTree = BUILT_PRODUCTS_DIR; };
		43A77895290D597300C2A04B /* Grind_TimeApp.swift */ = {isa = PBXFileReference; lastKnownFileType = sourcecode.swift; path = Grind_TimeApp.swift; sourceTree = "<group>"; };
		43A77897290D597300C2A04B /* ContentView.swift */ = {isa = PBXFileReference; lastKnownFileType = sourcecode.swift; path = ContentView.swift; sourceTree = "<group>"; };
		43A77899290D597400C2A04B /* Assets.xcassets */ = {isa = PBXFileReference; lastKnownFileType = folder.assetcatalog; path = Assets.xcassets; sourceTree = "<group>"; };
		43A7789C290D597400C2A04B /* Preview Assets.xcassets */ = {isa = PBXFileReference; lastKnownFileType = folder.assetcatalog; path = "Preview Assets.xcassets"; sourceTree = "<group>"; };
		43A778A3290D5EB400C2A04B /* MapView.swift */ = {isa = PBXFileReference; lastKnownFileType = sourcecode.swift; path = MapView.swift; sourceTree = "<group>"; };
		43A778A5290D633E00C2A04B /* ViewRouter.swift */ = {isa = PBXFileReference; lastKnownFileType = sourcecode.swift; path = ViewRouter.swift; sourceTree = "<group>"; };
		43A778A7290D63B800C2A04B /* HomeView.swift */ = {isa = PBXFileReference; lastKnownFileType = sourcecode.swift; path = HomeView.swift; sourceTree = "<group>"; };
		43A778A9290D652F00C2A04B /* NavMenuView.swift */ = {isa = PBXFileReference; lastKnownFileType = sourcecode.swift; path = NavMenuView.swift; sourceTree = "<group>"; };
		44EEF95E290D707900CD06A8 /* DataStoreClass.swift */ = {isa = PBXFileReference; lastKnownFileType = sourcecode.swift; path = DataStoreClass.swift; sourceTree = "<group>"; };
		44EEF960290D72B900CD06A8 /* DataStore.swift */ = {isa = PBXFileReference; lastKnownFileType = sourcecode.swift; path = DataStore.swift; sourceTree = "<group>"; };
		44EEF962290D97AD00CD06A8 /* UserView.swift */ = {isa = PBXFileReference; lastKnownFileType = sourcecode.swift; path = UserView.swift; sourceTree = "<group>"; };
/* End PBXFileReference section */

/* Begin PBXFrameworksBuildPhase section */
		43A7788F290D597300C2A04B /* Frameworks */ = {
			isa = PBXFrameworksBuildPhase;
			buildActionMask = 2147483647;
			files = (
			);
			runOnlyForDeploymentPostprocessing = 0;
		};
/* End PBXFrameworksBuildPhase section */

/* Begin PBXGroup section */
		43A77889290D597300C2A04B = {
			isa = PBXGroup;
			children = (
				43A77894290D597300C2A04B /* Grind Time */,
				43A77893290D597300C2A04B /* Products */,
			);
			sourceTree = "<group>";
		};
		43A77893290D597300C2A04B /* Products */ = {
			isa = PBXGroup;
			children = (
				43A77892290D597300C2A04B /* Grind Time.app */,
			);
			name = Products;
			sourceTree = "<group>";
		};
		43A77894290D597300C2A04B /* Grind Time */ = {
			isa = PBXGroup;
			children = (
				43A77895290D597300C2A04B /* Grind_TimeApp.swift */,
				43A77897290D597300C2A04B /* ContentView.swift */,
				43A778A7290D63B800C2A04B /* HomeView.swift */,
				43A778A5290D633E00C2A04B /* ViewRouter.swift */,
				44EEF962290D97AD00CD06A8 /* UserView.swift */,
				43A778A3290D5EB400C2A04B /* MapView.swift */,
				43A778A9290D652F00C2A04B /* NavMenuView.swift */,
				43A77899290D597400C2A04B /* Assets.xcassets */,
				43A7789B290D597400C2A04B /* Preview Content */,
				44EEF95E290D707900CD06A8 /* DataStoreClass.swift */,
				44EEF960290D72B900CD06A8 /* DataStore.swift */,
			);
			path = "Grind Time";
			sourceTree = "<group>";
		};
		43A7789B290D597400C2A04B /* Preview Content */ = {
			isa = PBXGroup;
			children = (
				43A7789C290D597400C2A04B /* Preview Assets.xcassets */,
			);
			path = "Preview Content";
			sourceTree = "<group>";
		};
/* End PBXGroup section */

/* Begin PBXNativeTarget section */
		43A77891290D597300C2A04B /* Grind Time */ = {
			isa = PBXNativeTarget;
			buildConfigurationList = 43A778A0290D597400C2A04B /* Build configuration list for PBXNativeTarget "Grind Time" */;
			buildPhases = (
				43A7788E290D597300C2A04B /* Sources */,
				43A7788F290D597300C2A04B /* Frameworks */,
				43A77890290D597300C2A04B /* Resources */,
			);
			buildRules = (
			);
			dependencies = (
			);
			name = "Grind Time";
			productName = "Grind Time";
			productReference = 43A77892290D597300C2A04B /* Grind Time.app */;
			productType = "com.apple.product-type.application";
		};
/* End PBXNativeTarget section */

/* Begin PBXProject section */
		43A7788A290D597300C2A04B /* Project object */ = {
			isa = PBXProject;
			attributes = {
				BuildIndependentTargetsInParallel = 1;
				LastSwiftUpdateCheck = 1400;
				LastUpgradeCheck = 1400;
				TargetAttributes = {
					43A77891290D597300C2A04B = {
						CreatedOnToolsVersion = 14.0.1;
					};
				};
			};
			buildConfigurationList = 43A7788D290D597300C2A04B /* Build configuration list for PBXProject "Grind Time" */;
			compatibilityVersion = "Xcode 14.0";
			developmentRegion = en;
			hasScannedForEncodings = 0;
			knownRegions = (
				en,
				Base,
			);
			mainGroup = 43A77889290D597300C2A04B;
			productRefGroup = 43A77893290D597300C2A04B /* Products */;
			projectDirPath = "";
			projectRoot = "";
			targets = (
				43A77891290D597300C2A04B /* Grind Time */,
			);
		};
/* End PBXProject section */

/* Begin PBXResourcesBuildPhase section */
		43A77890290D597300C2A04B /* Resources */ = {
			isa = PBXResourcesBuildPhase;
			buildActionMask = 2147483647;
			files = (
				43A7789D290D597400C2A04B /* Preview Assets.xcassets in Resources */,
				43A7789A290D597400C2A04B /* Assets.xcassets in Resources */,
			);
			runOnlyForDeploymentPostprocessing = 0;
		};
/* End PBXResourcesBuildPhase section */

/* Begin PBXSourcesBuildPhase section */
		43A7788E290D597300C2A04B /* Sources */ = {
			isa = PBXSourcesBuildPhase;
			buildActionMask = 2147483647;
			files = (
				43A77898290D597300C2A04B /* ContentView.swift in Sources */,
				44EEF961290D72B900CD06A8 /* DataStore.swift in Sources */,
				43A778A4290D5EB400C2A04B /* MapView.swift in Sources */,
				43A77896290D597300C2A04B /* Grind_TimeApp.swift in Sources */,
				43A778A8290D63B800C2A04B /* HomeView.swift in Sources */,
				43A778A6290D633E00C2A04B /* ViewRouter.swift in Sources */,
				44EEF95F290D707900CD06A8 /* DataStoreClass.swift in Sources */,
				44EEF963290D97AD00CD06A8 /* UserView.swift in Sources */,
				43A778AA290D652F00C2A04B /* NavMenuView.swift in Sources */,
			);
			runOnlyForDeploymentPostprocessing = 0;
		};
/* End PBXSourcesBuildPhase section */

/* Begin XCBuildConfiguration section */
		43A7789E290D597400C2A04B /* Debug */ = {
			isa = XCBuildConfiguration;
			buildSettings = {
				ALWAYS_SEARCH_USER_PATHS = NO;
				CLANG_ANALYZER_NONNULL = YES;
				CLANG_ANALYZER_NUMBER_OBJECT_CONVERSION = YES_AGGRESSIVE;
				CLANG_CXX_LANGUAGE_STANDARD = "gnu++20";
				CLANG_ENABLE_MODULES = YES;
				CLANG_ENABLE_OBJC_ARC = YES;
				CLANG_ENABLE_OBJC_WEAK = YES;
				CLANG_WARN_BLOCK_CAPTURE_AUTORELEASING = YES;
				CLANG_WARN_BOOL_CONVERSION = YES;
				CLANG_WARN_COMMA = YES;
				CLANG_WARN_CONSTANT_CONVERSION = YES;
				CLANG_WARN_DEPRECATED_OBJC_IMPLEMENTATIONS = YES;
				CLANG_WARN_DIRECT_OBJC_ISA_USAGE = YES_ERROR;
				CLANG_WARN_DOCUMENTATION_COMMENTS = YES;
				CLANG_WARN_EMPTY_BODY = YES;
				CLANG_WARN_ENUM_CONVERSION = YES;
				CLANG_WARN_INFINITE_RECURSION = YES;
				CLANG_WARN_INT_CONVERSION = YES;
				CLANG_WARN_NON_LITERAL_NULL_CONVERSION = YES;
				CLANG_WARN_OBJC_IMPLICIT_RETAIN_SELF = YES;
				CLANG_WARN_OBJC_LITERAL_CONVERSION = YES;
				CLANG_WARN_OBJC_ROOT_CLASS = YES_ERROR;
				CLANG_WARN_QUOTED_INCLUDE_IN_FRAMEWORK_HEADER = YES;
				CLANG_WARN_RANGE_LOOP_ANALYSIS = YES;
				CLANG_WARN_STRICT_PROTOTYPES = YES;
				CLANG_WARN_SUSPICIOUS_MOVE = YES;
				CLANG_WARN_UNGUARDED_AVAILABILITY = YES_AGGRESSIVE;
				CLANG_WARN_UNREACHABLE_CODE = YES;
				CLANG_WARN__DUPLICATE_METHOD_MATCH = YES;
				COPY_PHASE_STRIP = NO;
				DEBUG_INFORMATION_FORMAT = dwarf;
				ENABLE_STRICT_OBJC_MSGSEND = YES;
				ENABLE_TESTABILITY = YES;
				GCC_C_LANGUAGE_STANDARD = gnu11;
				GCC_DYNAMIC_NO_PIC = NO;
				GCC_NO_COMMON_BLOCKS = YES;
				GCC_OPTIMIZATION_LEVEL = 0;
				GCC_PREPROCESSOR_DEFINITIONS = (
					"DEBUG=1",
					"$(inherited)",
				);
				GCC_WARN_64_TO_32_BIT_CONVERSION = YES;
				GCC_WARN_ABOUT_RETURN_TYPE = YES_ERROR;
				GCC_WARN_UNDECLARED_SELECTOR = YES;
				GCC_WARN_UNINITIALIZED_AUTOS = YES_AGGRESSIVE;
				GCC_WARN_UNUSED_FUNCTION = YES;
				GCC_WARN_UNUSED_VARIABLE = YES;
				IPHONEOS_DEPLOYMENT_TARGET = 16.0;
				MTL_ENABLE_DEBUG_INFO = INCLUDE_SOURCE;
				MTL_FAST_MATH = YES;
				ONLY_ACTIVE_ARCH = YES;
				SDKROOT = iphoneos;
				SWIFT_ACTIVE_COMPILATION_CONDITIONS = DEBUG;
				SWIFT_OPTIMIZATION_LEVEL = "-Onone";
			};
			name = Debug;
		};
		43A7789F290D597400C2A04B /* Release */ = {
			isa = XCBuildConfiguration;
			buildSettings = {
				ALWAYS_SEARCH_USER_PATHS = NO;
				CLANG_ANALYZER_NONNULL = YES;
				CLANG_ANALYZER_NUMBER_OBJECT_CONVERSION = YES_AGGRESSIVE;
				CLANG_CXX_LANGUAGE_STANDARD = "gnu++20";
				CLANG_ENABLE_MODULES = YES;
				CLANG_ENABLE_OBJC_ARC = YES;
				CLANG_ENABLE_OBJC_WEAK = YES;
				CLANG_WARN_BLOCK_CAPTURE_AUTORELEASING = YES;
				CLANG_WARN_BOOL_CONVERSION = YES;
				CLANG_WARN_COMMA = YES;
				CLANG_WARN_CONSTANT_CONVERSION = YES;
				CLANG_WARN_DEPRECATED_OBJC_IMPLEMENTATIONS = YES;
				CLANG_WARN_DIRECT_OBJC_ISA_USAGE = YES_ERROR;
				CLANG_WARN_DOCUMENTATION_COMMENTS = YES;
				CLANG_WARN_EMPTY_BODY = YES;
				CLANG_WARN_ENUM_CONVERSION = YES;
				CLANG_WARN_INFINITE_RECURSION = YES;
				CLANG_WARN_INT_CONVERSION = YES;
				CLANG_WARN_NON_LITERAL_NULL_CONVERSION = YES;
				CLANG_WARN_OBJC_IMPLICIT_RETAIN_SELF = YES;
				CLANG_WARN_OBJC_LITERAL_CONVERSION = YES;
				CLANG_WARN_OBJC_ROOT_CLASS = YES_ERROR;
				CLANG_WARN_QUOTED_INCLUDE_IN_FRAMEWORK_HEADER = YES;
				CLANG_WARN_RANGE_LOOP_ANALYSIS = YES;
				CLANG_WARN_STRICT_PROTOTYPES = YES;
				CLANG_WARN_SUSPICIOUS_MOVE = YES;
				CLANG_WARN_UNGUARDED_AVAILABILITY = YES_AGGRESSIVE;
				CLANG_WARN_UNREACHABLE_CODE = YES;
				CLANG_WARN__DUPLICATE_METHOD_MATCH = YES;
				COPY_PHASE_STRIP = NO;
				DEBUG_INFORMATION_FORMAT = "dwarf-with-dsym";
				ENABLE_NS_ASSERTIONS = NO;
				ENABLE_STRICT_OBJC_MSGSEND = YES;
				GCC_C_LANGUAGE_STANDARD = gnu11;
				GCC_NO_COMMON_BLOCKS = YES;
				GCC_WARN_64_TO_32_BIT_CONVERSION = YES;
				GCC_WARN_ABOUT_RETURN_TYPE = YES_ERROR;
				GCC_WARN_UNDECLARED_SELECTOR = YES;
				GCC_WARN_UNINITIALIZED_AUTOS = YES_AGGRESSIVE;
				GCC_WARN_UNUSED_FUNCTION = YES;
				GCC_WARN_UNUSED_VARIABLE = YES;
				IPHONEOS_DEPLOYMENT_TARGET = 16.0;
				MTL_ENABLE_DEBUG_INFO = NO;
				MTL_FAST_MATH = YES;
				SDKROOT = iphoneos;
				SWIFT_COMPILATION_MODE = wholemodule;
				SWIFT_OPTIMIZATION_LEVEL = "-O";
				VALIDATE_PRODUCT = YES;
			};
			name = Release;
		};
		43A778A1290D597400C2A04B /* Debug */ = {
			isa = XCBuildConfiguration;
			buildSettings = {
				ASSETCATALOG_COMPILER_APPICON_NAME = AppIcon;
				ASSETCATALOG_COMPILER_GLOBAL_ACCENT_COLOR_NAME = AccentColor;
				CODE_SIGN_STYLE = Automatic;
				CURRENT_PROJECT_VERSION = 1;
				DEVELOPMENT_ASSET_PATHS = "\"Grind Time/Preview Content\"";
				DEVELOPMENT_TEAM = B92KL3A39Q;
				ENABLE_PREVIEWS = YES;
				GENERATE_INFOPLIST_FILE = YES;
				INFOPLIST_KEY_NSLocationWhenInUseUsageDescription = "Location will be used to record time spent at buildings around campus";
				INFOPLIST_KEY_UIApplicationSceneManifest_Generation = YES;
				INFOPLIST_KEY_UIApplicationSupportsIndirectInputEvents = YES;
				INFOPLIST_KEY_UILaunchScreen_Generation = YES;
				INFOPLIST_KEY_UISupportedInterfaceOrientations_iPad = "UIInterfaceOrientationPortrait UIInterfaceOrientationPortraitUpsideDown UIInterfaceOrientationLandscapeLeft UIInterfaceOrientationLandscapeRight";
				INFOPLIST_KEY_UISupportedInterfaceOrientations_iPhone = "UIInterfaceOrientationPortrait UIInterfaceOrientationLandscapeLeft UIInterfaceOrientationLandscapeRight";
				LD_RUNPATH_SEARCH_PATHS = (
					"$(inherited)",
					"@executable_path/Frameworks",
				);
				MARKETING_VERSION = 1.0;
				PRODUCT_BUNDLE_IDENTIFIER = "com.roundrat.Grind-Time";
				PRODUCT_NAME = "$(TARGET_NAME)";
				SWIFT_EMIT_LOC_STRINGS = YES;
				SWIFT_VERSION = 5.0;
				TARGETED_DEVICE_FAMILY = "1,2";
			};
			name = Debug;
		};
		43A778A2290D597400C2A04B /* Release */ = {
			isa = XCBuildConfiguration;
			buildSettings = {
				ASSETCATALOG_COMPILER_APPICON_NAME = AppIcon;
				ASSETCATALOG_COMPILER_GLOBAL_ACCENT_COLOR_NAME = AccentColor;
				CODE_SIGN_STYLE = Automatic;
				CURRENT_PROJECT_VERSION = 1;
				DEVELOPMENT_ASSET_PATHS = "\"Grind Time/Preview Content\"";
				DEVELOPMENT_TEAM = B92KL3A39Q;
				ENABLE_PREVIEWS = YES;
				GENERATE_INFOPLIST_FILE = YES;
				INFOPLIST_KEY_UIApplicationSceneManifest_Generation = YES;
				INFOPLIST_KEY_UIApplicationSupportsIndirectInputEvents = YES;
				INFOPLIST_KEY_UILaunchScreen_Generation = YES;
				INFOPLIST_KEY_UISupportedInterfaceOrientations_iPad = "UIInterfaceOrientationPortrait UIInterfaceOrientationPortraitUpsideDown UIInterfaceOrientationLandscapeLeft UIInterfaceOrientationLandscapeRight";
				INFOPLIST_KEY_UISupportedInterfaceOrientations_iPhone = "UIInterfaceOrientationPortrait UIInterfaceOrientationLandscapeLeft UIInterfaceOrientationLandscapeRight";
				LD_RUNPATH_SEARCH_PATHS = (
					"$(inherited)",
					"@executable_path/Frameworks",
				);
				MARKETING_VERSION = 1.0;
				PRODUCT_BUNDLE_IDENTIFIER = "com.roundrat.Grind-Time";
				PRODUCT_NAME = "$(TARGET_NAME)";
				SWIFT_EMIT_LOC_STRINGS = YES;
				SWIFT_VERSION = 5.0;
				TARGETED_DEVICE_FAMILY = "1,2";
			};
			name = Release;
		};
/* End XCBuildConfiguration section */

/* Begin XCConfigurationList section */
		43A7788D290D597300C2A04B /* Build configuration list for PBXProject "Grind Time" */ = {
			isa = XCConfigurationList;
			buildConfigurations = (
				43A7789E290D597400C2A04B /* Debug */,
				43A7789F290D597400C2A04B /* Release */,
			);
			defaultConfigurationIsVisible = 0;
			defaultConfigurationName = Release;
		};
		43A778A0290D597400C2A04B /* Build configuration list for PBXNativeTarget "Grind Time" */ = {
			isa = XCConfigurationList;
			buildConfigurations = (
				43A778A1290D597400C2A04B /* Debug */,
				43A778A2290D597400C2A04B /* Release */,
			);
			defaultConfigurationIsVisible = 0;
			defaultConfigurationName = Release;
		};
/* End XCConfigurationList section */
	};
	rootObject = 43A7788A290D597300C2A04B /* Project object */;
}
